
Microsoft Visual Studio Solution File, Format Version 12.00
# Visual Studio Version 17
VisualStudioVersion = 17.7.34031.279
MinimumVisualStudioVersion = 10.0.40219.1
Project("{9A19103F-16F7-4668-BE54-9A1E7A4F7556}") = "RPN", "RPN.csproj", "{7EC85812-2334-45EF-8C3D-2E0E8892C9BD}"
EndProject
Project("{FAE04EC0-301F-11D3-BF4B-00C04F79EFBC}") = "ConsoleApp1", "..\ConsoleApp1\ConsoleApp1.csproj", "{5E8AAD09-3C60-47EE-A7B6-D18D22C84602}"
EndProject
Global
	GlobalSection(SolutionConfigurationPlatforms) = preSolution
		Debug|Any CPU = Debug|Any CPU
		Release|Any CPU = Release|Any CPU
	EndGlobalSection
	GlobalSection(ProjectConfigurationPlatforms) = postSolution
		{7EC85812-2334-45EF-8C3D-2E0E8892C9BD}.Debug|Any CPU.ActiveCfg = Debug|Any CPU
		{7EC85812-2334-45EF-8C3D-2E0E8892C9BD}.Debug|Any CPU.Build.0 = Debug|Any CPU
		{7EC85812-2334-45EF-8C3D-2E0E8892C9BD}.Release|Any CPU.ActiveCfg = Release|Any CPU
		{7EC85812-2334-45EF-8C3D-2E0E8892C9BD}.Release|Any CPU.Build.0 = Release|Any CPU
		{5E8AAD09-3C60-47EE-A7B6-D18D22C84602}.Debug|Any CPU.ActiveCfg = Debug|Any CPU
		{5E8AAD09-3C60-47EE-A7B6-D18D22C84602}.Debug|Any CPU.Build.0 = Debug|Any CPU
		{5E8AAD09-3C60-47EE-A7B6-D18D22C84602}.Release|Any CPU.ActiveCfg = Release|Any CPU
		{5E8AAD09-3C60-47EE-A7B6-D18D22C84602}.Release|Any CPU.Build.0 = Release|Any CPU
	EndGlobalSection
	GlobalSection(SolutionProperties) = preSolution
		HideSolutionNode = FALSE
	EndGlobalSection
	GlobalSection(ExtensibilityGlobals) = postSolution
		SolutionGuid = {2B79C424-69FC-4828-AB6A-D10F5904CC05}
	EndGlobalSection
EndGlobal
